
Microsoft Visual Studio Solution File, Format Version 12.00
# Visual Studio Version 16
VisualStudioVersion = 16.0.31613.86
MinimumVisualStudioVersion = 10.0.40219.1
Project("{FAE04EC0-301F-11D3-BF4B-00C04F79EFBC}") = "Fakarny", "Fakarny\Fakarny.csproj", "{8FFD47F1-EB47-4F85-BC6D-BFF3BDB2CD5B}"
EndProject
Project("{54435603-DBB4-11D2-8724-00A0C9A8B90C}") = "Setup1", "Setup1\Setup1.vdproj", "{861314F6-1DDF-42A6-AB13-420DFC7B9E32}"
EndProject
Global
	GlobalSection(SolutionConfigurationPlatforms) = preSolution
		Debug|Any CPU = Debug|Any CPU
		Release|Any CPU = Release|Any CPU
	EndGlobalSection
	GlobalSection(ProjectConfigurationPlatforms) = postSolution
		{8FFD47F1-EB47-4F85-BC6D-BFF3BDB2CD5B}.Debug|Any CPU.ActiveCfg = Debug|Any CPU
		{8FFD47F1-EB47-4F85-BC6D-BFF3BDB2CD5B}.Debug|Any CPU.Build.0 = Debug|Any CPU
		{8FFD47F1-EB47-4F85-BC6D-BFF3BDB2CD5B}.Release|Any CPU.ActiveCfg = Release|Any CPU
		{8FFD47F1-EB47-4F85-BC6D-BFF3BDB2CD5B}.Release|Any CPU.Build.0 = Release|Any CPU
		{861314F6-1DDF-42A6-AB13-420DFC7B9E32}.Debug|Any CPU.ActiveCfg = Debug
		{861314F6-1DDF-42A6-AB13-420DFC7B9E32}.Release|Any CPU.ActiveCfg = Release
	EndGlobalSection
	GlobalSection(SolutionProperties) = preSolution
		HideSolutionNode = FALSE
	EndGlobalSection
	GlobalSection(ExtensibilityGlobals) = postSolution
		SolutionGuid = {5274B26C-2326-41A0-A74F-345B92E275BC}
	EndGlobalSection
EndGlobal
